
Microsoft Visual Studio Solution File, Format Version 12.00
# Visual Studio 15
VisualStudioVersion = 15.0.27130.0
MinimumVisualStudioVersion = 10.0.40219.1
Project("{FAE04EC0-301F-11D3-BF4B-00C04F79EFBC}") = "NCForm", "NCForm\NCForm.csproj", "{4F6FAEA0-B8AB-435A-8BFA-188D5E727DCF}"
EndProject
Project("{2150E333-8FDC-42A3-9474-1A3956D46DE8}") = "Solution Items", "Solution Items", "{E323C868-41A0-4ABA-9A7F-44C836CAE868}"
EndProject
Global
	GlobalSection(SolutionConfigurationPlatforms) = preSolution
		Debug|Any CPU = Debug|Any CPU
		Release|Any CPU = Release|Any CPU
	EndGlobalSection
	GlobalSection(ProjectConfigurationPlatforms) = postSolution
		{4F6FAEA0-B8AB-435A-8BFA-188D5E727DCF}.Debug|Any CPU.ActiveCfg = Debug|Any CPU
		{4F6FAEA0-B8AB-435A-8BFA-188D5E727DCF}.Debug|Any CPU.Build.0 = Debug|Any CPU
		{4F6FAEA0-B8AB-435A-8BFA-188D5E727DCF}.Release|Any CPU.ActiveCfg = Release|Any CPU
		{4F6FAEA0-B8AB-435A-8BFA-188D5E727DCF}.Release|Any CPU.Build.0 = Release|Any CPU
	EndGlobalSection
	GlobalSection(SolutionProperties) = preSolution
		HideSolutionNode = FALSE
	EndGlobalSection
	GlobalSection(ExtensibilityGlobals) = postSolution
		SolutionGuid = {168631EE-32A4-4A24-B392-D92E7A5D9997}
	EndGlobalSection
EndGlobal
